github.com/davecgh/go-spew v1.1.1 h1:vj9j/u1bqnvCEfJOwUhtlOARqs3+rkHYY13jYWTU97c=
github.com/davecgh/go-spew v1.1.1/go.mod h1:J7Y8YcW2NihsgmVo/mv3lAwl/skON4iLHjSsI+c5H38=
github.com/decred/slog v1.2.0 h1:soHAxV52B54Di3WtKLfPum9OFfWqwtf/ygf9njdfnPM=
github.com/decred/slog v1.2.0/go.mod h1:kVXlGnt6DHy2fV5OjSeuvCJ0OmlmTF6LFpEPMu/fOY0=
github.com/klauspost/cpuid/v2 v2.0.9 h1:lgaqFMSdTdQYdZ04uHyN2d/eKdOMyi2YLSvlQIBFYa4=
github.com/klauspost/cpuid/v2 v2.0.9/go.mod h1:FInQzS24/EEf25PyTYn52gqo7WaD8xa0213Md/qVLRg=
github.com/monetarium/monetarium-node/chaincfg/chainhash v1.3.13 h1:JTVHubbIA1nockPDkvJB/+OOMW8JIfRCCbb8W/DQ55A=
github.com/monetarium/monetarium-node/chaincfg/chainhash v1.3.13/go.mod h1:RT2P+9Nq7C3s6dcrIIsdQVqjrjIh7DTrrvsdENr9A8s=
github.com/monetarium/monetarium-node/cointype v1.3.13 h1:i2OE1r+FW5oRLgkUcYV3MHJNzINePapj+eyvSt6ZU4U=
github.com/monetarium/monetarium-node/cointype v1.3.13/go.mod h1:yhixKskK9FBKjKoH07NzgvEGPCOjW5iaLhgtfAO7808=
github.com/monetarium/monetarium-node/crypto/blake256 v1.3.13 h1:c5uzZwPuVp8gaeOYLGvjQquYJs+AQ29nr011dPFTCNI=
github.com/monetarium/monetarium-node/crypto/blake256 v1.3.13/go.mod h1:+dUk+/kJYZCEfhySioeBRQD7l8yHVm3Q3g7Gd3lRjHk=
github.com/monetarium/monetarium-node/dcrec/secp256k1 v1.3.13 h1:bq9oK0wzvf8pxebGs0rbbTxdXkcm1j9Ph7BUcd9uJR0=
github.com/monetarium/monetarium-node/dcrec/secp256k1 v1.3.13/go.mod h1:2KXqS4v8a1M25hMOzmyJ38L+ZudF40oPpbWwoemKFOw=
github.com/monetarium/monetarium-node/wire v1.3.13 h1:oTIpd4fnUEVundJbI7vs+oi00LK4M74qC/9r5eReeCs=
github.com/monetarium/monetarium-node/wire v1.3.13/go.mod h1:IIEB68BbOCV+qm8ixuUUlcqwrVkc3yxgTs0aRw8OQxg=
lukechampine.com/blake3 v1.3.0 h1:sJ3XhFINmHSrYCgl958hscfIa3bw8x4DqMP3u1YvoYE=
lukechampine.com/blake3 v1.3.0/go.mod h1:0OFRp7fBtAylGVCO40o87sbupkyIGgbpv1+M1k1LM6k=
