github.com/monetarium/monetarium-node/chaincfg/chainhash v1.3.13 h1:JTVHubbIA1nockPDkvJB/+OOMW8JIfRCCbb8W/DQ55A=
github.com/monetarium/monetarium-node/chaincfg/chainhash v1.3.13/go.mod h1:RT2P+9Nq7C3s6dcrIIsdQVqjrjIh7DTrrvsdENr9A8s=
github.com/monetarium/monetarium-node/crypto/blake256 v1.3.13 h1:c5uzZwPuVp8gaeOYLGvjQquYJs+AQ29nr011dPFTCNI=
github.com/monetarium/monetarium-node/crypto/blake256 v1.3.13/go.mod h1:+dUk+/kJYZCEfhySioeBRQD7l8yHVm3Q3g7Gd3lRjHk=
github.com/monetarium/monetarium-node/dcrjson v1.3.13 h1:XTb77b0Jw0DXZ4/crWZKzg3YQbB5dtiFJXYocXQKdkA=
github.com/monetarium/monetarium-node/dcrjson v1.3.13/go.mod h1:75xqQuUYjoCA9IZPPOXX39lKTKGI/EvkQZkGwvhkvS0=
