github.com/monetarium/monetarium-node/chaincfg/chainhash v1.2.0 h1:lpOjfcwcB+liedNGo1oF/5SmTVJxJWeR7iFtpSWM7+w=
github.com/monetarium/monetarium-node/chaincfg/chainhash v1.2.0/go.mod h1:cqnSD4BRqRNBWsMMUERlzpQWHJdF7TPYvmZUBnCXEYo=
github.com/monetarium/monetarium-node/crypto/blake256 v1.0.11/go.mod h1:+dUk+/kJYZCEfhySioeBRQD7l8yHVm3Q3g7Gd3lRjHk=
github.com/monetarium/monetarium-node/crypto/blake256 v1.2.0 h1:Vhq/EOcpKq/Bi8s8W6X+RHg3roF+KP8fsAzMPURorcg=
github.com/monetarium/monetarium-node/crypto/blake256 v1.2.0/go.mod h1:+dUk+/kJYZCEfhySioeBRQD7l8yHVm3Q3g7Gd3lRjHk=
