github.com/monetarium/monetarium-node/chaincfg/chainhash v1.3.9 h1:pWhdl17VlgxzyKBZgQxabuUc0VeP8B2YlEHle9+5qlY=
github.com/monetarium/monetarium-node/chaincfg/chainhash v1.3.9/go.mod h1:ONzNJnw+HxHh9hpaumB7CdDNWTMrzd4v7JcUionMDDA=
github.com/monetarium/monetarium-node/crypto/blake256 v1.3.8/go.mod h1:+dUk+/kJYZCEfhySioeBRQD7l8yHVm3Q3g7Gd3lRjHk=
github.com/monetarium/monetarium-node/crypto/blake256 v1.3.9 h1:xIDJwnIOH0KxMKQFZjVs94RpKAIiiwAlOtLF66OthrU=
github.com/monetarium/monetarium-node/crypto/blake256 v1.3.9/go.mod h1:+dUk+/kJYZCEfhySioeBRQD7l8yHVm3Q3g7Gd3lRjHk=
