decred.org/cspp/v2 v2.4.0 h1:whb0YW+UELHJS/UfT5MBXSJXrKUVw5omhgKNhjzYix4=
decred.org/cspp/v2 v2.4.0/go.mod h1:9nO3bfvCheOPIFZw5f6sRQ42CjBFB5RKSaJ9Iq6G4MA=
github.com/agl/ed25519 v0.0.0-20170116200512-5312a6153412 h1:w1UutsfOrms1J05zt7ISrnJIXKzwaspym5BTKGx93EI=
github.com/agl/ed25519 v0.0.0-20170116200512-5312a6153412/go.mod h1:WPjqKcmVOxf0XSf3YxCJs6N6AOSrOx3obionmG7T0y0=
github.com/companyzero/sntrup4591761 v0.0.0-20220309191932-9e0f3af2f07a h1:clYxJ3Os0EQUKDDVU8M0oipllX0EkuFNBfhVQuIfyF0=
github.com/companyzero/sntrup4591761 v0.0.0-20220309191932-9e0f3af2f07a/go.mod h1:z/9Ck1EDixEbBbZ2KH2qNHekEmDLTOZ+FyoIPWWSVOI=
github.com/davecgh/go-spew v1.1.1 h1:vj9j/u1bqnvCEfJOwUhtlOARqs3+rkHYY13jYWTU97c=
github.com/davecgh/go-spew v1.1.1/go.mod h1:J7Y8YcW2NihsgmVo/mv3lAwl/skON4iLHjSsI+c5H38=
github.com/dchest/siphash v1.2.3 h1:QXwFc8cFOR2dSa/gE6o/HokBMWtLUaNDVd+22aKHeEA=
github.com/dchest/siphash v1.2.3/go.mod h1:0NvQU092bT0ipiFN++/rXm69QG9tVxLAlQHIXMPAkHc=
github.com/decred/base58 v1.0.5 h1:hwcieUM3pfPnE/6p3J100zoRfGkQxBulZHo7GZfOqic=
github.com/decred/base58 v1.0.5/go.mod h1:s/8lukEHFA6bUQQb/v3rjUySJ2hu+RioCzLukAVkrfw=
github.com/decred/dcrd/crypto/blake256 v1.0.1 h1:7PltbUIQB7u/FfZ39+DGa/ShuMyJ5ilcvdfma9wOH6Y=
github.com/decred/dcrd/crypto/blake256 v1.0.1/go.mod h1:2OfgNZ5wDpcsFmHmCK5gZTPcCXqlm2ArzUIkw9czNJo=
github.com/decred/slog v1.2.0 h1:soHAxV52B54Di3WtKLfPum9OFfWqwtf/ygf9njdfnPM=
github.com/decred/slog v1.2.0/go.mod h1:kVXlGnt6DHy2fV5OjSeuvCJ0OmlmTF6LFpEPMu/fOY0=
github.com/klauspost/cpuid/v2 v2.0.9 h1:lgaqFMSdTdQYdZ04uHyN2d/eKdOMyi2YLSvlQIBFYa4=
github.com/klauspost/cpuid/v2 v2.0.9/go.mod h1:FInQzS24/EEf25PyTYn52gqo7WaD8xa0213Md/qVLRg=
github.com/monetarium/monetarium-node/chaincfg v1.3.13 h1:e19O3IPjSqOsYZbwT0z/l3hlBGSzUhQQZEZQT9S9664=
github.com/monetarium/monetarium-node/chaincfg v1.3.13/go.mod h1:hF3hEK3a4OABWxupWV0P4OtAGSK8xjCzbRK8kXUu+wA=
github.com/monetarium/monetarium-node/chaincfg/chainhash v1.3.13 h1:JTVHubbIA1nockPDkvJB/+OOMW8JIfRCCbb8W/DQ55A=
github.com/monetarium/monetarium-node/chaincfg/chainhash v1.3.13/go.mod h1:RT2P+9Nq7C3s6dcrIIsdQVqjrjIh7DTrrvsdENr9A8s=
github.com/monetarium/monetarium-node/cointype v1.3.13 h1:i2OE1r+FW5oRLgkUcYV3MHJNzINePapj+eyvSt6ZU4U=
github.com/monetarium/monetarium-node/cointype v1.3.13/go.mod h1:yhixKskK9FBKjKoH07NzgvEGPCOjW5iaLhgtfAO7808=
github.com/monetarium/monetarium-node/container/lru v1.3.13 h1:ooynGkfrr9xoZSFmYijViezBTuWD6PgPQ5LViiHl1Fk=
github.com/monetarium/monetarium-node/container/lru v1.3.13/go.mod h1:pQJXVFxz3YDq9Sa9s+eCeUI40TwGwR0n/VOhO0yuxFA=
github.com/monetarium/monetarium-node/crypto/blake256 v1.3.13 h1:c5uzZwPuVp8gaeOYLGvjQquYJs+AQ29nr011dPFTCNI=
github.com/monetarium/monetarium-node/crypto/blake256 v1.3.13/go.mod h1:+dUk+/kJYZCEfhySioeBRQD7l8yHVm3Q3g7Gd3lRjHk=
github.com/monetarium/monetarium-node/crypto/rand v1.3.13 h1:ZiNiObtviqfQe1PZB2qAC1Sl7fR30gTwCOulVp3jqTM=
github.com/monetarium/monetarium-node/crypto/rand v1.3.13/go.mod h1:3fOYD2Kid37bBjUuVa0lZEIcHE8pFs7D2eNz4vdTo88=
github.com/monetarium/monetarium-node/crypto/ripemd160 v1.3.13 h1:IH/7MO2wNtxbtzGlMepLzJptB33GcycWmtINfIIvQ9E=
github.com/monetarium/monetarium-node/crypto/ripemd160 v1.3.13/go.mod h1:5IaiDGHDPLi+4j30Ik9PwBthqhjhXGw54gCL3uU7dNo=
github.com/monetarium/monetarium-node/dcrec v1.3.13 h1:G5RVyg0R5z9OOscdENzOccSisHRJ5b+vEUjX3EfOapo=
github.com/monetarium/monetarium-node/dcrec v1.3.13/go.mod h1:raW6YB1vSdu7TzY3x0usHwV4jZket1Oh9Wt4mGF/h7w=
github.com/monetarium/monetarium-node/dcrec/edwards v1.3.13 h1:ieqfJemuT1Mh30SQ34cxePZFE8xdj8+nDPwIPd79Iig=
github.com/monetarium/monetarium-node/dcrec/edwards v1.3.13/go.mod h1:tpEO8ZkWf3iVhp2PTEMQwmBWO0lXKzigwd7OfipVftg=
github.com/monetarium/monetarium-node/dcrec/secp256k1 v1.3.13 h1:bq9oK0wzvf8pxebGs0rbbTxdXkcm1j9Ph7BUcd9uJR0=
github.com/monetarium/monetarium-node/dcrec/secp256k1 v1.3.13/go.mod h1:2KXqS4v8a1M25hMOzmyJ38L+ZudF40oPpbWwoemKFOw=
github.com/monetarium/monetarium-node/dcrutil v1.3.13 h1:sw7taznPoJsgKhe7jUFjpKURPjNqVmdvVh+ogwjb1Mk=
github.com/monetarium/monetarium-node/dcrutil v1.3.13/go.mod h1:lWxa+bW7A38YeLdG8Q/FMaD5AE+hFbIWMYW19/tc4c0=
github.com/monetarium/monetarium-node/txscript v1.3.13 h1:zRzrlWoQIXwTnIQVvDZ+gIUcSZ/LgMsPZdkiHRNfa5o=
github.com/monetarium/monetarium-node/txscript v1.3.13/go.mod h1:tu8jqm21T7XS7DfbImw3ktCAQDcpIkbIW0OeRbaKhmk=
github.com/monetarium/monetarium-node/wire v1.3.13 h1:oTIpd4fnUEVundJbI7vs+oi00LK4M74qC/9r5eReeCs=
github.com/monetarium/monetarium-node/wire v1.3.13/go.mod h1:IIEB68BbOCV+qm8ixuUUlcqwrVkc3yxgTs0aRw8OQxg=
golang.org/x/crypto v0.33.0 h1:IOBPskki6Lysi0lo9qQvbxiQ+FvsCC/YWOecCHAixus=
golang.org/x/crypto v0.33.0/go.mod h1:bVdXmD7IV/4GdElGPozy6U7lWdRXA4qyRVGJV57uQ5M=
golang.org/x/sync v0.11.0 h1:GGz8+XQP4FvTTrjZPzNKTMFtSXH80RAzG+5ghFPgK9w=
golang.org/x/sync v0.11.0/go.mod h1:Czt+wKu1gCyEFDUtn0jG5QVvpJ6rzVqr5aXyt9drQfk=
golang.org/x/sys v0.30.0 h1:QjkSwP/36a20jFYWkSue1YwXzLmsV5Gfq7Eiy72C1uc=
golang.org/x/sys v0.30.0/go.mod h1:/VUhepiaJMQUp4+oa/7Zr1D23ma6VTLIYjOOTFZPUcA=
lukechampine.com/blake3 v1.3.0 h1:sJ3XhFINmHSrYCgl958hscfIa3bw8x4DqMP3u1YvoYE=
lukechampine.com/blake3 v1.3.0/go.mod h1:0OFRp7fBtAylGVCO40o87sbupkyIGgbpv1+M1k1LM6k=
