github.com/davecgh/go-spew v1.1.1 h1:vj9j/u1bqnvCEfJOwUhtlOARqs3+rkHYY13jYWTU97c=
github.com/davecgh/go-spew v1.1.1/go.mod h1:J7Y8YcW2NihsgmVo/mv3lAwl/skON4iLHjSsI+c5H38=
github.com/decred/slog v1.2.0 h1:soHAxV52B54Di3WtKLfPum9OFfWqwtf/ygf9njdfnPM=
github.com/decred/slog v1.2.0/go.mod h1:kVXlGnt6DHy2fV5OjSeuvCJ0OmlmTF6LFpEPMu/fOY0=
github.com/klauspost/cpuid/v2 v2.0.9 h1:lgaqFMSdTdQYdZ04uHyN2d/eKdOMyi2YLSvlQIBFYa4=
github.com/klauspost/cpuid/v2 v2.0.9/go.mod h1:FInQzS24/EEf25PyTYn52gqo7WaD8xa0213Md/qVLRg=
github.com/monetarium/monetarium-node/chaincfg/chainhash v1.2.0 h1:lpOjfcwcB+liedNGo1oF/5SmTVJxJWeR7iFtpSWM7+w=
github.com/monetarium/monetarium-node/chaincfg/chainhash v1.2.0/go.mod h1:cqnSD4BRqRNBWsMMUERlzpQWHJdF7TPYvmZUBnCXEYo=
github.com/monetarium/monetarium-node/cointype v1.2.0 h1:+t4gKu0aYy/yziJ2acRcUcxystI2HsQtQi9aLN0xEE8=
github.com/monetarium/monetarium-node/cointype v1.2.0/go.mod h1:yhixKskK9FBKjKoH07NzgvEGPCOjW5iaLhgtfAO7808=
github.com/monetarium/monetarium-node/crypto/blake256 v1.2.0 h1:Vhq/EOcpKq/Bi8s8W6X+RHg3roF+KP8fsAzMPURorcg=
github.com/monetarium/monetarium-node/crypto/blake256 v1.2.0/go.mod h1:+dUk+/kJYZCEfhySioeBRQD7l8yHVm3Q3g7Gd3lRjHk=
lukechampine.com/blake3 v1.3.0 h1:sJ3XhFINmHSrYCgl958hscfIa3bw8x4DqMP3u1YvoYE=
lukechampine.com/blake3 v1.3.0/go.mod h1:0OFRp7fBtAylGVCO40o87sbupkyIGgbpv1+M1k1LM6k=
